
Microsoft Visual Studio Solution File, Format Version 12.00
# Visual Studio Version 16
VisualStudioVersion = 16.0.30907.101
MinimumVisualStudioVersion = 10.0.40219.1
Project("{9A19103F-16F7-4668-BE54-9A1E7A4F7556}") = "ReferenceTypes", "ReferenceTypes\ReferenceTypes.csproj", "{3BDABA3E-F98B-4EAD-8773-F0DF8C6AD4C4}"
EndProject
Project("{9A19103F-16F7-4668-BE54-9A1E7A4F7556}") = "ReferenceTypesStructureInClasses", "ReferenceTypesStructureInClasses\ReferenceTypesStructureInClasses.csproj", "{033CE51D-47AD-4636-BB11-1493B7784299}"
EndProject
Project("{FAE04EC0-301F-11D3-BF4B-00C04F79EFBC}") = "Generics", "Generics\Generics.csproj", "{773E07AF-9698-4888-8091-8DAD27622298}"
EndProject
Global
	GlobalSection(SolutionConfigurationPlatforms) = preSolution
		Debug|Any CPU = Debug|Any CPU
		Release|Any CPU = Release|Any CPU
	EndGlobalSection
	GlobalSection(ProjectConfigurationPlatforms) = postSolution
		{3BDABA3E-F98B-4EAD-8773-F0DF8C6AD4C4}.Debug|Any CPU.ActiveCfg = Debug|Any CPU
		{3BDABA3E-F98B-4EAD-8773-F0DF8C6AD4C4}.Debug|Any CPU.Build.0 = Debug|Any CPU
		{3BDABA3E-F98B-4EAD-8773-F0DF8C6AD4C4}.Release|Any CPU.ActiveCfg = Release|Any CPU
		{3BDABA3E-F98B-4EAD-8773-F0DF8C6AD4C4}.Release|Any CPU.Build.0 = Release|Any CPU
		{033CE51D-47AD-4636-BB11-1493B7784299}.Debug|Any CPU.ActiveCfg = Debug|Any CPU
		{033CE51D-47AD-4636-BB11-1493B7784299}.Debug|Any CPU.Build.0 = Debug|Any CPU
		{033CE51D-47AD-4636-BB11-1493B7784299}.Release|Any CPU.ActiveCfg = Release|Any CPU
		{033CE51D-47AD-4636-BB11-1493B7784299}.Release|Any CPU.Build.0 = Release|Any CPU
		{773E07AF-9698-4888-8091-8DAD27622298}.Debug|Any CPU.ActiveCfg = Debug|Any CPU
		{773E07AF-9698-4888-8091-8DAD27622298}.Debug|Any CPU.Build.0 = Debug|Any CPU
		{773E07AF-9698-4888-8091-8DAD27622298}.Release|Any CPU.ActiveCfg = Release|Any CPU
		{773E07AF-9698-4888-8091-8DAD27622298}.Release|Any CPU.Build.0 = Release|Any CPU
	EndGlobalSection
	GlobalSection(SolutionProperties) = preSolution
		HideSolutionNode = FALSE
	EndGlobalSection
	GlobalSection(ExtensibilityGlobals) = postSolution
		SolutionGuid = {A4E89F09-D030-4581-AE02-34B80AC439E5}
	EndGlobalSection
EndGlobal
